// !$*UTF8*$!
{
	archiveVersion = 1;
	classes = {
	};
	objectVersion = 77;
	objects = {

/* Begin PBXBuildFile section */
		2EC21D202CE2302D0015F9CC /* AWSAPIPlugin in Frameworks */ = {isa = PBXBuildFile; productRef = 2EC21D1F2CE2302D0015F9CC /* AWSAPIPlugin */; };
		2EC21D222CE2302D0015F9CC /* AWSCognitoAuthPlugin in Frameworks */ = {isa = PBXBuildFile; productRef = 2EC21D212CE2302D0015F9CC /* AWSCognitoAuthPlugin */; };
		2EC21D242CE2302D0015F9CC /* AWSDataStorePlugin in Frameworks */ = {isa = PBXBuildFile; productRef = 2EC21D232CE2302D0015F9CC /* AWSDataStorePlugin */; };
		2EC21D262CE2302D0015F9CC /* AWSLocationGeoPlugin in Frameworks */ = {isa = PBXBuildFile; productRef = 2EC21D252CE2302D0015F9CC /* AWSLocationGeoPlugin */; };
		2EC21D282CE2302D0015F9CC /* AWSPinpointPushNotificationsPlugin in Frameworks */ = {isa = PBXBuildFile; productRef = 2EC21D272CE2302D0015F9CC /* AWSPinpointPushNotificationsPlugin */; };
		2EC21D2A2CE2302D0015F9CC /* AWSS3StoragePlugin in Frameworks */ = {isa = PBXBuildFile; productRef = 2EC21D292CE2302D0015F9CC /* AWSS3StoragePlugin */; };
		2EC21D2C2CE2302D0015F9CC /* Amplify in Frameworks */ = {isa = PBXBuildFile; productRef = 2EC21D2B2CE2302D0015F9CC /* Amplify */; };
		2EC21D2F2CE2312F0015F9CC /* Authenticator in Frameworks */ = {isa = PBXBuildFile; productRef = 2EC21D2E2CE2312F0015F9CC /* Authenticator */; };
/* End PBXBuildFile section */

/* Begin PBXContainerItemProxy section */
		2EDF205F2CE20B3000B39751 /* PBXContainerItemProxy */ = {
			isa = PBXContainerItemProxy;
			containerPortal = 2EDF20462CE20B2E00B39751 /* Project object */;
			proxyType = 1;
			remoteGlobalIDString = 2EDF204D2CE20B2E00B39751;
			remoteInfo = wtm;
		};
		2EDF20692CE20B3000B39751 /* PBXContainerItemProxy */ = {
			isa = PBXContainerItemProxy;
			containerPortal = 2EDF20462CE20B2E00B39751 /* Project object */;
			proxyType = 1;
			remoteGlobalIDString = 2EDF204D2CE20B2E00B39751;
			remoteInfo = wtm;
		};
/* End PBXContainerItemProxy section */

/* Begin PBXFileReference section */
		2EDF204E2CE20B2E00B39751 /* wtm.app */ = {isa = PBXFileReference; explicitFileType = wrapper.application; includeInIndex = 0; path = wtm.app; sourceTree = BUILT_PRODUCTS_DIR; };
		2EDF205E2CE20B3000B39751 /* wtmTests.xctest */ = {isa = PBXFileReference; explicitFileType = wrapper.cfbundle; includeInIndex = 0; path = wtmTests.xctest; sourceTree = BUILT_PRODUCTS_DIR; };
		2EDF20682CE20B3000B39751 /* wtmUITests.xctest */ = {isa = PBXFileReference; explicitFileType = wrapper.cfbundle; includeInIndex = 0; path = wtmUITests.xctest; sourceTree = BUILT_PRODUCTS_DIR; };
/* End PBXFileReference section */

/* Begin PBXFileSystemSynchronizedRootGroup section */
		2EDF20502CE20B2E00B39751 /* wtm */ = {
			isa = PBXFileSystemSynchronizedRootGroup;
			path = wtm;
			sourceTree = "<group>";
		};
		2EDF20612CE20B3000B39751 /* wtmTests */ = {
			isa = PBXFileSystemSynchronizedRootGroup;
			path = wtmTests;
			sourceTree = "<group>";
		};
		2EDF206B2CE20B3000B39751 /* wtmUITests */ = {
			isa = PBXFileSystemSynchronizedRootGroup;
			path = wtmUITests;
			sourceTree = "<group>";
		};
/* End PBXFileSystemSynchronizedRootGroup section */

/* Begin PBXFrameworksBuildPhase section */
		2EDF204B2CE20B2E00B39751 /* Frameworks */ = {
			isa = PBXFrameworksBuildPhase;
			buildActionMask = 2147483647;
			files = (
				2EC21D2F2CE2312F0015F9CC /* Authenticator in Frameworks */,
				2EC21D242CE2302D0015F9CC /* AWSDataStorePlugin in Frameworks */,
				2EC21D2C2CE2302D0015F9CC /* Amplify in Frameworks */,
				2EC21D202CE2302D0015F9CC /* AWSAPIPlugin in Frameworks */,
				2EC21D282CE2302D0015F9CC /* AWSPinpointPushNotificationsPlugin in Frameworks */,
				2EC21D262CE2302D0015F9CC /* AWSLocationGeoPlugin in Frameworks */,
				2EC21D222CE2302D0015F9CC /* AWSCognitoAuthPlugin in Frameworks */,
				2EC21D2A2CE2302D0015F9CC /* AWSS3StoragePlugin in Frameworks */,
			);
			runOnlyForDeploymentPostprocessing = 0;
		};
		2EDF205B2CE20B3000B39751 /* Frameworks */ = {
			isa = PBXFrameworksBuildPhase;
			buildActionMask = 2147483647;
			files = (
			);
			runOnlyForDeploymentPostprocessing = 0;
		};
		2EDF20652CE20B3000B39751 /* Frameworks */ = {
			isa = PBXFrameworksBuildPhase;
			buildActionMask = 2147483647;
			files = (
			);
			runOnlyForDeploymentPostprocessing = 0;
		};
/* End PBXFrameworksBuildPhase section */

/* Begin PBXGroup section */
		2EDF20452CE20B2E00B39751 = {
			isa = PBXGroup;
			children = (
				2EDF20502CE20B2E00B39751 /* wtm */,
				2EDF20612CE20B3000B39751 /* wtmTests */,
				2EDF206B2CE20B3000B39751 /* wtmUITests */,
				2EDF204F2CE20B2E00B39751 /* Products */,
			);
			sourceTree = "<group>";
		};
		2EDF204F2CE20B2E00B39751 /* Products */ = {
			isa = PBXGroup;
			children = (
				2EDF204E2CE20B2E00B39751 /* wtm.app */,
				2EDF205E2CE20B3000B39751 /* wtmTests.xctest */,
				2EDF20682CE20B3000B39751 /* wtmUITests.xctest */,
			);
			name = Products;
			sourceTree = "<group>";
		};
/* End PBXGroup section */

/* Begin PBXNativeTarget section */
		2EDF204D2CE20B2E00B39751 /* wtm */ = {
			isa = PBXNativeTarget;
			buildConfigurationList = 2EDF20722CE20B3000B39751 /* Build configuration list for PBXNativeTarget "wtm" */;
			buildPhases = (
				2EDF204A2CE20B2E00B39751 /* Sources */,
				2EDF204B2CE20B2E00B39751 /* Frameworks */,
				2EDF204C2CE20B2E00B39751 /* Resources */,
			);
			buildRules = (
			);
			dependencies = (
			);
			fileSystemSynchronizedGroups = (
				2EDF20502CE20B2E00B39751 /* wtm */,
			);
			name = wtm;
			packageProductDependencies = (
				2EC21D1F2CE2302D0015F9CC /* AWSAPIPlugin */,
				2EC21D212CE2302D0015F9CC /* AWSCognitoAuthPlugin */,
				2EC21D232CE2302D0015F9CC /* AWSDataStorePlugin */,
				2EC21D252CE2302D0015F9CC /* AWSLocationGeoPlugin */,
				2EC21D272CE2302D0015F9CC /* AWSPinpointPushNotificationsPlugin */,
				2EC21D292CE2302D0015F9CC /* AWSS3StoragePlugin */,
				2EC21D2B2CE2302D0015F9CC /* Amplify */,
				2EC21D2E2CE2312F0015F9CC /* Authenticator */,
			);
			productName = wtm;
			productReference = 2EDF204E2CE20B2E00B39751 /* wtm.app */;
			productType = "com.apple.product-type.application";
		};
		2EDF205D2CE20B3000B39751 /* wtmTests */ = {
			isa = PBXNativeTarget;
			buildConfigurationList = 2EDF20752CE20B3000B39751 /* Build configuration list for PBXNativeTarget "wtmTests" */;
			buildPhases = (
				2EDF205A2CE20B3000B39751 /* Sources */,
				2EDF205B2CE20B3000B39751 /* Frameworks */,
				2EDF205C2CE20B3000B39751 /* Resources */,
			);
			buildRules = (
			);
			dependencies = (
				2EDF20602CE20B3000B39751 /* PBXTargetDependency */,
			);
			fileSystemSynchronizedGroups = (
				2EDF20612CE20B3000B39751 /* wtmTests */,
			);
			name = wtmTests;
			packageProductDependencies = (
			);
			productName = wtmTests;
			productReference = 2EDF205E2CE20B3000B39751 /* wtmTests.xctest */;
			productType = "com.apple.product-type.bundle.unit-test";
		};
		2EDF20672CE20B3000B39751 /* wtmUITests */ = {
			isa = PBXNativeTarget;
			buildConfigurationList = 2EDF20782CE20B3000B39751 /* Build configuration list for PBXNativeTarget "wtmUITests" */;
			buildPhases = (
				2EDF20642CE20B3000B39751 /* Sources */,
				2EDF20652CE20B3000B39751 /* Frameworks */,
				2EDF20662CE20B3000B39751 /* Resources */,
			);
			buildRules = (
			);
			dependencies = (
				2EDF206A2CE20B3000B39751 /* PBXTargetDependency */,
			);
			fileSystemSynchronizedGroups = (
				2EDF206B2CE20B3000B39751 /* wtmUITests */,
			);
			name = wtmUITests;
			packageProductDependencies = (
			);
			productName = wtmUITests;
			productReference = 2EDF20682CE20B3000B39751 /* wtmUITests.xctest */;
			productType = "com.apple.product-type.bundle.ui-testing";
		};
/* End PBXNativeTarget section */

/* Begin PBXProject section */
		2EDF20462CE20B2E00B39751 /* Project object */ = {
			isa = PBXProject;
			attributes = {
				BuildIndependentTargetsInParallel = 1;
				LastSwiftUpdateCheck = 1610;
				LastUpgradeCheck = 1610;
				TargetAttributes = {
					2EDF204D2CE20B2E00B39751 = {
						CreatedOnToolsVersion = 16.1;
					};
					2EDF205D2CE20B3000B39751 = {
						CreatedOnToolsVersion = 16.1;
						TestTargetID = 2EDF204D2CE20B2E00B39751;
					};
					2EDF20672CE20B3000B39751 = {
						CreatedOnToolsVersion = 16.1;
						TestTargetID = 2EDF204D2CE20B2E00B39751;
					};
				};
			};
			buildConfigurationList = 2EDF20492CE20B2E00B39751 /* Build configuration list for PBXProject "wtm" */;
			developmentRegion = en;
			hasScannedForEncodings = 0;
			knownRegions = (
				en,
				Base,
			);
			mainGroup = 2EDF20452CE20B2E00B39751;
			minimizedProjectReferenceProxies = 1;
			packageReferences = (
				2EC21D1E2CE2302D0015F9CC /* XCRemoteSwiftPackageReference "amplify-swift" */,
				2EC21D2D2CE2312F0015F9CC /* XCRemoteSwiftPackageReference "amplify-ui-swift-authenticator" */,
			);
			preferredProjectObjectVersion = 77;
			productRefGroup = 2EDF204F2CE20B2E00B39751 /* Products */;
			projectDirPath = "";
			projectRoot = "";
			targets = (
				2EDF204D2CE20B2E00B39751 /* wtm */,
				2EDF205D2CE20B3000B39751 /* wtmTests */,
				2EDF20672CE20B3000B39751 /* wtmUITests */,
			);
		};
/* End PBXProject section */

/* Begin PBXResourcesBuildPhase section */
		2EDF204C2CE20B2E00B39751 /* Resources */ = {
			isa = PBXResourcesBuildPhase;
			buildActionMask = 2147483647;
			files = (
			);
			runOnlyForDeploymentPostprocessing = 0;
		};
		2EDF205C2CE20B3000B39751 /* Resources */ = {
			isa = PBXResourcesBuildPhase;
			buildActionMask = 2147483647;
			files = (
			);
			runOnlyForDeploymentPostprocessing = 0;
		};
		2EDF20662CE20B3000B39751 /* Resources */ = {
			isa = PBXResourcesBuildPhase;
			buildActionMask = 2147483647;
			files = (
			);
			runOnlyForDeploymentPostprocessing = 0;
		};
/* End PBXResourcesBuildPhase section */

/* Begin PBXSourcesBuildPhase section */
		2EDF204A2CE20B2E00B39751 /* Sources */ = {
			isa = PBXSourcesBuildPhase;
			buildActionMask = 2147483647;
			files = (
			);
			runOnlyForDeploymentPostprocessing = 0;
		};
		2EDF205A2CE20B3000B39751 /* Sources */ = {
			isa = PBXSourcesBuildPhase;
			buildActionMask = 2147483647;
			files = (
			);
			runOnlyForDeploymentPostprocessing = 0;
		};
		2EDF20642CE20B3000B39751 /* Sources */ = {
			isa = PBXSourcesBuildPhase;
			buildActionMask = 2147483647;
			files = (
			);
			runOnlyForDeploymentPostprocessing = 0;
		};
/* End PBXSourcesBuildPhase section */

/* Begin PBXTargetDependency section */
		2EDF20602CE20B3000B39751 /* PBXTargetDependency */ = {
			isa = PBXTargetDependency;
			target = 2EDF204D2CE20B2E00B39751 /* wtm */;
			targetProxy = 2EDF205F2CE20B3000B39751 /* PBXContainerItemProxy */;
		};
		2EDF206A2CE20B3000B39751 /* PBXTargetDependency */ = {
			isa = PBXTargetDependency;
			target = 2EDF204D2CE20B2E00B39751 /* wtm */;
			targetProxy = 2EDF20692CE20B3000B39751 /* PBXContainerItemProxy */;
		};
/* End PBXTargetDependency section */

/* Begin XCBuildConfiguration section */
		2EDF20702CE20B3000B39751 /* Debug */ = {
			isa = XCBuildConfiguration;
			buildSettings = {
				ALWAYS_SEARCH_USER_PATHS = NO;
				ASSETCATALOG_COMPILER_GENERATE_SWIFT_ASSET_SYMBOL_EXTENSIONS = YES;
				CLANG_ANALYZER_NONNULL = YES;
				CLANG_ANALYZER_NUMBER_OBJECT_CONVERSION = YES_AGGRESSIVE;
				CLANG_CXX_LANGUAGE_STANDARD = "gnu++20";
				CLANG_ENABLE_MODULES = YES;
				CLANG_ENABLE_OBJC_ARC = YES;
				CLANG_ENABLE_OBJC_WEAK = YES;
				CLANG_WARN_BLOCK_CAPTURE_AUTORELEASING = YES;
				CLANG_WARN_BOOL_CONVERSION = YES;
				CLANG_WARN_COMMA = YES;
				CLANG_WARN_CONSTANT_CONVERSION = YES;
				CLANG_WARN_DEPRECATED_OBJC_IMPLEMENTATIONS = YES;
				CLANG_WARN_DIRECT_OBJC_ISA_USAGE = YES_ERROR;
				CLANG_WARN_DOCUMENTATION_COMMENTS = YES;
				CLANG_WARN_EMPTY_BODY = YES;
				CLANG_WARN_ENUM_CONVERSION = YES;
				CLANG_WARN_INFINITE_RECURSION = YES;
				CLANG_WARN_INT_CONVERSION = YES;
				CLANG_WARN_NON_LITERAL_NULL_CONVERSION = YES;
				CLANG_WARN_OBJC_IMPLICIT_RETAIN_SELF = YES;
				CLANG_WARN_OBJC_LITERAL_CONVERSION = YES;
				CLANG_WARN_OBJC_ROOT_CLASS = YES_ERROR;
				CLANG_WARN_QUOTED_INCLUDE_IN_FRAMEWORK_HEADER = YES;
				CLANG_WARN_RANGE_LOOP_ANALYSIS = YES;
				CLANG_WARN_STRICT_PROTOTYPES = YES;
				CLANG_WARN_SUSPICIOUS_MOVE = YES;
				CLANG_WARN_UNGUARDED_AVAILABILITY = YES_AGGRESSIVE;
				CLANG_WARN_UNREACHABLE_CODE = YES;
				CLANG_WARN__DUPLICATE_METHOD_MATCH = YES;
				COPY_PHASE_STRIP = NO;
				DEBUG_INFORMATION_FORMAT = dwarf;
				ENABLE_STRICT_OBJC_MSGSEND = YES;
				ENABLE_TESTABILITY = YES;
				ENABLE_USER_SCRIPT_SANDBOXING = YES;
				GCC_C_LANGUAGE_STANDARD = gnu17;
				GCC_DYNAMIC_NO_PIC = NO;
				GCC_NO_COMMON_BLOCKS = YES;
				GCC_OPTIMIZATION_LEVEL = 0;
				GCC_PREPROCESSOR_DEFINITIONS = (
					"DEBUG=1",
					"$(inherited)",
				);
				GCC_WARN_64_TO_32_BIT_CONVERSION = YES;
				GCC_WARN_ABOUT_RETURN_TYPE = YES_ERROR;
				GCC_WARN_UNDECLARED_SELECTOR = YES;
				GCC_WARN_UNINITIALIZED_AUTOS = YES_AGGRESSIVE;
				GCC_WARN_UNUSED_FUNCTION = YES;
				GCC_WARN_UNUSED_VARIABLE = YES;
				IPHONEOS_DEPLOYMENT_TARGET = 18.1;
				LOCALIZATION_PREFERS_STRING_CATALOGS = YES;
				MTL_ENABLE_DEBUG_INFO = INCLUDE_SOURCE;
				MTL_FAST_MATH = YES;
				ONLY_ACTIVE_ARCH = YES;
				SDKROOT = iphoneos;
				SWIFT_ACTIVE_COMPILATION_CONDITIONS = "DEBUG $(inherited)";
				SWIFT_OPTIMIZATION_LEVEL = "-Onone";
			};
			name = Debug;
		};
		2EDF20712CE20B3000B39751 /* Release */ = {
			isa = XCBuildConfiguration;
			buildSettings = {
				ALWAYS_SEARCH_USER_PATHS = NO;
				ASSETCATALOG_COMPILER_GENERATE_SWIFT_ASSET_SYMBOL_EXTENSIONS = YES;
				CLANG_ANALYZER_NONNULL = YES;
				CLANG_ANALYZER_NUMBER_OBJECT_CONVERSION = YES_AGGRESSIVE;
				CLANG_CXX_LANGUAGE_STANDARD = "gnu++20";
				CLANG_ENABLE_MODULES = YES;
				CLANG_ENABLE_OBJC_ARC = YES;
				CLANG_ENABLE_OBJC_WEAK = YES;
				CLANG_WARN_BLOCK_CAPTURE_AUTORELEASING = YES;
				CLANG_WARN_BOOL_CONVERSION = YES;
				CLANG_WARN_COMMA = YES;
				CLANG_WARN_CONSTANT_CONVERSION = YES;
				CLANG_WARN_DEPRECATED_OBJC_IMPLEMENTATIONS = YES;
				CLANG_WARN_DIRECT_OBJC_ISA_USAGE = YES_ERROR;
				CLANG_WARN_DOCUMENTATION_COMMENTS = YES;
				CLANG_WARN_EMPTY_BODY = YES;
				CLANG_WARN_ENUM_CONVERSION = YES;
				CLANG_WARN_INFINITE_RECURSION = YES;
				CLANG_WARN_INT_CONVERSION = YES;
				CLANG_WARN_NON_LITERAL_NULL_CONVERSION = YES;
				CLANG_WARN_OBJC_IMPLICIT_RETAIN_SELF = YES;
				CLANG_WARN_OBJC_LITERAL_CONVERSION = YES;
				CLANG_WARN_OBJC_ROOT_CLASS = YES_ERROR;
				CLANG_WARN_QUOTED_INCLUDE_IN_FRAMEWORK_HEADER = YES;
				CLANG_WARN_RANGE_LOOP_ANALYSIS = YES;
				CLANG_WARN_STRICT_PROTOTYPES = YES;
				CLANG_WARN_SUSPICIOUS_MOVE = YES;
				CLANG_WARN_UNGUARDED_AVAILABILITY = YES_AGGRESSIVE;
				CLANG_WARN_UNREACHABLE_CODE = YES;
				CLANG_WARN__DUPLICATE_METHOD_MATCH = YES;
				COPY_PHASE_STRIP = NO;
				DEBUG_INFORMATION_FORMAT = "dwarf-with-dsym";
				ENABLE_NS_ASSERTIONS = NO;
				ENABLE_STRICT_OBJC_MSGSEND = YES;
				ENABLE_USER_SCRIPT_SANDBOXING = YES;
				GCC_C_LANGUAGE_STANDARD = gnu17;
				GCC_NO_COMMON_BLOCKS = YES;
				GCC_WARN_64_TO_32_BIT_CONVERSION = YES;
				GCC_WARN_ABOUT_RETURN_TYPE = YES_ERROR;
				GCC_WARN_UNDECLARED_SELECTOR = YES;
				GCC_WARN_UNINITIALIZED_AUTOS = YES_AGGRESSIVE;
				GCC_WARN_UNUSED_FUNCTION = YES;
				GCC_WARN_UNUSED_VARIABLE = YES;
				IPHONEOS_DEPLOYMENT_TARGET = 18.1;
				LOCALIZATION_PREFERS_STRING_CATALOGS = YES;
				MTL_ENABLE_DEBUG_INFO = NO;
				MTL_FAST_MATH = YES;
				SDKROOT = iphoneos;
				SWIFT_COMPILATION_MODE = wholemodule;
				VALIDATE_PRODUCT = YES;
			};
			name = Release;
		};
		2EDF20732CE20B3000B39751 /* Debug */ = {
			isa = XCBuildConfiguration;
			buildSettings = {
				ASSETCATALOG_COMPILER_APPICON_NAME = AppIcon;
				ASSETCATALOG_COMPILER_GLOBAL_ACCENT_COLOR_NAME = AccentColor;
				CODE_SIGN_STYLE = Automatic;
				CURRENT_PROJECT_VERSION = 1;
				DEVELOPMENT_ASSET_PATHS = "\"wtm/Preview Content\"";
				DEVELOPMENT_TEAM = 7Z45M9XK94;
				ENABLE_PREVIEWS = YES;
				GENERATE_INFOPLIST_FILE = YES;
				INFOPLIST_KEY_UIApplicationSceneManifest_Generation = YES;
				INFOPLIST_KEY_UIApplicationSupportsIndirectInputEvents = YES;
				INFOPLIST_KEY_UILaunchScreen_Generation = YES;
				INFOPLIST_KEY_UISupportedInterfaceOrientations_iPad = "UIInterfaceOrientationPortrait UIInterfaceOrientationPortraitUpsideDown UIInterfaceOrientationLandscapeLeft UIInterfaceOrientationLandscapeRight";
				INFOPLIST_KEY_UISupportedInterfaceOrientations_iPhone = "UIInterfaceOrientationPortrait UIInterfaceOrientationLandscapeLeft UIInterfaceOrientationLandscapeRight";
				LD_RUNPATH_SEARCH_PATHS = (
					"$(inherited)",
					"@executable_path/Frameworks",
				);
				MARKETING_VERSION = 1.0;
				PRODUCT_BUNDLE_IDENTIFIER = com.wtm.wtm;
				PRODUCT_NAME = "$(TARGET_NAME)";
				SWIFT_EMIT_LOC_STRINGS = YES;
				SWIFT_VERSION = 5.0;
				TARGETED_DEVICE_FAMILY = "1,2";
			};
			name = Debug;
		};
		2EDF20742CE20B3000B39751 /* Release */ = {
			isa = XCBuildConfiguration;
			buildSettings = {
				ASSETCATALOG_COMPILER_APPICON_NAME = AppIcon;
				ASSETCATALOG_COMPILER_GLOBAL_ACCENT_COLOR_NAME = AccentColor;
				CODE_SIGN_STYLE = Automatic;
				CURRENT_PROJECT_VERSION = 1;
				DEVELOPMENT_ASSET_PATHS = "\"wtm/Preview Content\"";
				DEVELOPMENT_TEAM = 7Z45M9XK94;
				ENABLE_PREVIEWS = YES;
				GENERATE_INFOPLIST_FILE = YES;
				INFOPLIST_KEY_UIApplicationSceneManifest_Generation = YES;
				INFOPLIST_KEY_UIApplicationSupportsIndirectInputEvents = YES;
				INFOPLIST_KEY_UILaunchScreen_Generation = YES;
				INFOPLIST_KEY_UISupportedInterfaceOrientations_iPad = "UIInterfaceOrientationPortrait UIInterfaceOrientationPortraitUpsideDown UIInterfaceOrientationLandscapeLeft UIInterfaceOrientationLandscapeRight";
				INFOPLIST_KEY_UISupportedInterfaceOrientations_iPhone = "UIInterfaceOrientationPortrait UIInterfaceOrientationLandscapeLeft UIInterfaceOrientationLandscapeRight";
				LD_RUNPATH_SEARCH_PATHS = (
					"$(inherited)",
					"@executable_path/Frameworks",
				);
				MARKETING_VERSION = 1.0;
				PRODUCT_BUNDLE_IDENTIFIER = com.wtm.wtm;
				PRODUCT_NAME = "$(TARGET_NAME)";
				SWIFT_EMIT_LOC_STRINGS = YES;
				SWIFT_VERSION = 5.0;
				TARGETED_DEVICE_FAMILY = "1,2";
			};
			name = Release;
		};
		2EDF20762CE20B3000B39751 /* Debug */ = {
			isa = XCBuildConfiguration;
			buildSettings = {
				BUNDLE_LOADER = "$(TEST_HOST)";
				CODE_SIGN_STYLE = Automatic;
				CURRENT_PROJECT_VERSION = 1;
				DEVELOPMENT_TEAM = 7Z45M9XK94;
				GENERATE_INFOPLIST_FILE = YES;
				IPHONEOS_DEPLOYMENT_TARGET = 18.1;
				MARKETING_VERSION = 1.0;
				PRODUCT_BUNDLE_IDENTIFIER = com.wtm.wtmTests;
				PRODUCT_NAME = "$(TARGET_NAME)";
				SWIFT_EMIT_LOC_STRINGS = NO;
				SWIFT_VERSION = 5.0;
				TARGETED_DEVICE_FAMILY = "1,2";
				TEST_HOST = "$(BUILT_PRODUCTS_DIR)/wtm.app/$(BUNDLE_EXECUTABLE_FOLDER_PATH)/wtm";
			};
			name = Debug;
		};
		2EDF20772CE20B3000B39751 /* Release */ = {
			isa = XCBuildConfiguration;
			buildSettings = {
				BUNDLE_LOADER = "$(TEST_HOST)";
				CODE_SIGN_STYLE = Automatic;
				CURRENT_PROJECT_VERSION = 1;
				DEVELOPMENT_TEAM = 7Z45M9XK94;
				GENERATE_INFOPLIST_FILE = YES;
				IPHONEOS_DEPLOYMENT_TARGET = 18.1;
				MARKETING_VERSION = 1.0;
				PRODUCT_BUNDLE_IDENTIFIER = com.wtm.wtmTests;
				PRODUCT_NAME = "$(TARGET_NAME)";
				SWIFT_EMIT_LOC_STRINGS = NO;
				SWIFT_VERSION = 5.0;
				TARGETED_DEVICE_FAMILY = "1,2";
				TEST_HOST = "$(BUILT_PRODUCTS_DIR)/wtm.app/$(BUNDLE_EXECUTABLE_FOLDER_PATH)/wtm";
			};
			name = Release;
		};
		2EDF20792CE20B3000B39751 /* Debug */ = {
			isa = XCBuildConfiguration;
			buildSettings = {
				CODE_SIGN_STYLE = Automatic;
				CURRENT_PROJECT_VERSION = 1;
				DEVELOPMENT_TEAM = 7Z45M9XK94;
				GENERATE_INFOPLIST_FILE = YES;
				MARKETING_VERSION = 1.0;
				PRODUCT_BUNDLE_IDENTIFIER = com.wtm.wtmUITests;
				PRODUCT_NAME = "$(TARGET_NAME)";
				SWIFT_EMIT_LOC_STRINGS = NO;
				SWIFT_VERSION = 5.0;
				TARGETED_DEVICE_FAMILY = "1,2";
				TEST_TARGET_NAME = wtm;
			};
			name = Debug;
		};
		2EDF207A2CE20B3000B39751 /* Release */ = {
			isa = XCBuildConfiguration;
			buildSettings = {
				CODE_SIGN_STYLE = Automatic;
				CURRENT_PROJECT_VERSION = 1;
				DEVELOPMENT_TEAM = 7Z45M9XK94;
				GENERATE_INFOPLIST_FILE = YES;
				MARKETING_VERSION = 1.0;
				PRODUCT_BUNDLE_IDENTIFIER = com.wtm.wtmUITests;
				PRODUCT_NAME = "$(TARGET_NAME)";
				SWIFT_EMIT_LOC_STRINGS = NO;
				SWIFT_VERSION = 5.0;
				TARGETED_DEVICE_FAMILY = "1,2";
				TEST_TARGET_NAME = wtm;
			};
			name = Release;
		};
/* End XCBuildConfiguration section */

/* Begin XCConfigurationList section */
		2EDF20492CE20B2E00B39751 /* Build configuration list for PBXProject "wtm" */ = {
			isa = XCConfigurationList;
			buildConfigurations = (
				2EDF20702CE20B3000B39751 /* Debug */,
				2EDF20712CE20B3000B39751 /* Release */,
			);
			defaultConfigurationIsVisible = 0;
			defaultConfigurationName = Release;
		};
		2EDF20722CE20B3000B39751 /* Build configuration list for PBXNativeTarget "wtm" */ = {
			isa = XCConfigurationList;
			buildConfigurations = (
				2EDF20732CE20B3000B39751 /* Debug */,
				2EDF20742CE20B3000B39751 /* Release */,
			);
			defaultConfigurationIsVisible = 0;
			defaultConfigurationName = Release;
		};
		2EDF20752CE20B3000B39751 /* Build configuration list for PBXNativeTarget "wtmTests" */ = {
			isa = XCConfigurationList;
			buildConfigurations = (
				2EDF20762CE20B3000B39751 /* Debug */,
				2EDF20772CE20B3000B39751 /* Release */,
			);
			defaultConfigurationIsVisible = 0;
			defaultConfigurationName = Release;
		};
		2EDF20782CE20B3000B39751 /* Build configuration list for PBXNativeTarget "wtmUITests" */ = {
			isa = XCConfigurationList;
			buildConfigurations = (
				2EDF20792CE20B3000B39751 /* Debug */,
				2EDF207A2CE20B3000B39751 /* Release */,
			);
			defaultConfigurationIsVisible = 0;
			defaultConfigurationName = Release;
		};
/* End XCConfigurationList section */

/* Begin XCRemoteSwiftPackageReference section */
		2EC21D1E2CE2302D0015F9CC /* XCRemoteSwiftPackageReference "amplify-swift" */ = {
			isa = XCRemoteSwiftPackageReference;
			repositoryURL = "https://github.com/aws-amplify/amplify-swift";
			requirement = {
				kind = upToNextMajorVersion;
				minimumVersion = 2.44.0;
			};
		};
		2EC21D2D2CE2312F0015F9CC /* XCRemoteSwiftPackageReference "amplify-ui-swift-authenticator" */ = {
			isa = XCRemoteSwiftPackageReference;
			repositoryURL = "https://github.com/aws-amplify/amplify-ui-swift-authenticator";
			requirement = {
				kind = upToNextMajorVersion;
				minimumVersion = 1.2.0;
			};
		};
/* End XCRemoteSwiftPackageReference section */

/* Begin XCSwiftPackageProductDependency section */
		2EC21D1F2CE2302D0015F9CC /* AWSAPIPlugin */ = {
			isa = XCSwiftPackageProductDependency;
			package = 2EC21D1E2CE2302D0015F9CC /* XCRemoteSwiftPackageReference "amplify-swift" */;
			productName = AWSAPIPlugin;
		};
		2EC21D212CE2302D0015F9CC /* AWSCognitoAuthPlugin */ = {
			isa = XCSwiftPackageProductDependency;
			package = 2EC21D1E2CE2302D0015F9CC /* XCRemoteSwiftPackageReference "amplify-swift" */;
			productName = AWSCognitoAuthPlugin;
		};
		2EC21D232CE2302D0015F9CC /* AWSDataStorePlugin */ = {
			isa = XCSwiftPackageProductDependency;
			package = 2EC21D1E2CE2302D0015F9CC /* XCRemoteSwiftPackageReference "amplify-swift" */;
			productName = AWSDataStorePlugin;
		};
		2EC21D252CE2302D0015F9CC /* AWSLocationGeoPlugin */ = {
			isa = XCSwiftPackageProductDependency;
			package = 2EC21D1E2CE2302D0015F9CC /* XCRemoteSwiftPackageReference "amplify-swift" */;
			productName = AWSLocationGeoPlugin;
		};
		2EC21D272CE2302D0015F9CC /* AWSPinpointPushNotificationsPlugin */ = {
			isa = XCSwiftPackageProductDependency;
			package = 2EC21D1E2CE2302D0015F9CC /* XCRemoteSwiftPackageReference "amplify-swift" */;
			productName = AWSPinpointPushNotificationsPlugin;
		};
		2EC21D292CE2302D0015F9CC /* AWSS3StoragePlugin */ = {
			isa = XCSwiftPackageProductDependency;
			package = 2EC21D1E2CE2302D0015F9CC /* XCRemoteSwiftPackageReference "amplify-swift" */;
			productName = AWSS3StoragePlugin;
		};
		2EC21D2B2CE2302D0015F9CC /* Amplify */ = {
			isa = XCSwiftPackageProductDependency;
			package = 2EC21D1E2CE2302D0015F9CC /* XCRemoteSwiftPackageReference "amplify-swift" */;
			productName = Amplify;
		};
		2EC21D2E2CE2312F0015F9CC /* Authenticator */ = {
			isa = XCSwiftPackageProductDependency;
			package = 2EC21D2D2CE2312F0015F9CC /* XCRemoteSwiftPackageReference "amplify-ui-swift-authenticator" */;
			productName = Authenticator;
		};
/* End XCSwiftPackageProductDependency section */
	};
	rootObject = 2EDF20462CE20B2E00B39751 /* Project object */;
}
